
Microsoft Visual Studio Solution File, Format Version 12.00
# Visual Studio 2012
Project("{FAE04EC0-301F-11D3-BF4B-00C04F79EFBC}") = "AkvelonContacts.Android", "AkvelonContacts.Android\AkvelonContacts.Android.csproj", "{5F5A201F-93A1-4D2F-9C39-A4FC6A0AEDFE}"
EndProject
Project("{FAE04EC0-301F-11D3-BF4B-00C04F79EFBC}") = "AkvelonContacts.WindowsPhone", "AkvelonContacts.WindowsPhone\AkvelonContacts.WindowsPhone.csproj", "{A3F98B63-3698-4886-B65D-C564030B33F9}"
EndProject
Project("{FAE04EC0-301F-11D3-BF4B-00C04F79EFBC}") = "AkvelonContacts.iOS", "AkvelonContacts.iOS\AkvelonContacts.iOS.csproj", "{2353891D-A49A-452D-8E71-667F91F35990}"
EndProject
Project("{FAE04EC0-301F-11D3-BF4B-00C04F79EFBC}") = "AkvelonContacts.Common", "AkvelonContacts.Common\AkvelonContacts.Common.csproj", "{8605431E-3313-4E42-AD64-DE95262E74B6}"
EndProject
Global
	GlobalSection(SolutionConfigurationPlatforms) = preSolution
		Ad-Hoc|Any CPU = Ad-Hoc|Any CPU
		Ad-Hoc|ARM = Ad-Hoc|ARM
		Ad-Hoc|iPhone = Ad-Hoc|iPhone
		Ad-Hoc|iPhoneSimulator = Ad-Hoc|iPhoneSimulator
		Ad-Hoc|Mixed Platforms = Ad-Hoc|Mixed Platforms
		Ad-Hoc|x86 = Ad-Hoc|x86
		AppStore|Any CPU = AppStore|Any CPU
		AppStore|ARM = AppStore|ARM
		AppStore|iPhone = AppStore|iPhone
		AppStore|iPhoneSimulator = AppStore|iPhoneSimulator
		AppStore|Mixed Platforms = AppStore|Mixed Platforms
		AppStore|x86 = AppStore|x86
		Debug|Any CPU = Debug|Any CPU
		Debug|ARM = Debug|ARM
		Debug|iPhone = Debug|iPhone
		Debug|iPhoneSimulator = Debug|iPhoneSimulator
		Debug|Mixed Platforms = Debug|Mixed Platforms
		Debug|x86 = Debug|x86
		Release|Any CPU = Release|Any CPU
		Release|ARM = Release|ARM
		Release|iPhone = Release|iPhone
		Release|iPhoneSimulator = Release|iPhoneSimulator
		Release|Mixed Platforms = Release|Mixed Platforms
		Release|x86 = Release|x86
	EndGlobalSection
	GlobalSection(ProjectConfigurationPlatforms) = postSolution
		{5F5A201F-93A1-4D2F-9C39-A4FC6A0AEDFE}.Ad-Hoc|Any CPU.ActiveCfg = Release|Any CPU
		{5F5A201F-93A1-4D2F-9C39-A4FC6A0AEDFE}.Ad-Hoc|Any CPU.Build.0 = Release|Any CPU
		{5F5A201F-93A1-4D2F-9C39-A4FC6A0AEDFE}.Ad-Hoc|Any CPU.Deploy.0 = Release|Any CPU
		{5F5A201F-93A1-4D2F-9C39-A4FC6A0AEDFE}.Ad-Hoc|ARM.ActiveCfg = Release|Any CPU
		{5F5A201F-93A1-4D2F-9C39-A4FC6A0AEDFE}.Ad-Hoc|iPhone.ActiveCfg = Release|Any CPU
		{5F5A201F-93A1-4D2F-9C39-A4FC6A0AEDFE}.Ad-Hoc|iPhoneSimulator.ActiveCfg = Release|Any CPU
		{5F5A201F-93A1-4D2F-9C39-A4FC6A0AEDFE}.Ad-Hoc|Mixed Platforms.ActiveCfg = Release|Any CPU
		{5F5A201F-93A1-4D2F-9C39-A4FC6A0AEDFE}.Ad-Hoc|Mixed Platforms.Build.0 = Release|Any CPU
		{5F5A201F-93A1-4D2F-9C39-A4FC6A0AEDFE}.Ad-Hoc|Mixed Platforms.Deploy.0 = Release|Any CPU
		{5F5A201F-93A1-4D2F-9C39-A4FC6A0AEDFE}.Ad-Hoc|x86.ActiveCfg = Release|Any CPU
		{5F5A201F-93A1-4D2F-9C39-A4FC6A0AEDFE}.AppStore|Any CPU.ActiveCfg = Release|Any CPU
		{5F5A201F-93A1-4D2F-9C39-A4FC6A0AEDFE}.AppStore|Any CPU.Build.0 = Release|Any CPU
		{5F5A201F-93A1-4D2F-9C39-A4FC6A0AEDFE}.AppStore|Any CPU.Deploy.0 = Release|Any CPU
		{5F5A201F-93A1-4D2F-9C39-A4FC6A0AEDFE}.AppStore|ARM.ActiveCfg = Release|Any CPU
		{5F5A201F-93A1-4D2F-9C39-A4FC6A0AEDFE}.AppStore|iPhone.ActiveCfg = Release|Any CPU
		{5F5A201F-93A1-4D2F-9C39-A4FC6A0AEDFE}.AppStore|iPhoneSimulator.ActiveCfg = Release|Any CPU
		{5F5A201F-93A1-4D2F-9C39-A4FC6A0AEDFE}.AppStore|Mixed Platforms.ActiveCfg = Release|Any CPU
		{5F5A201F-93A1-4D2F-9C39-A4FC6A0AEDFE}.AppStore|Mixed Platforms.Build.0 = Release|Any CPU
		{5F5A201F-93A1-4D2F-9C39-A4FC6A0AEDFE}.AppStore|Mixed Platforms.Deploy.0 = Release|Any CPU
		{5F5A201F-93A1-4D2F-9C39-A4FC6A0AEDFE}.AppStore|x86.ActiveCfg = Release|Any CPU
		{5F5A201F-93A1-4D2F-9C39-A4FC6A0AEDFE}.Debug|Any CPU.ActiveCfg = Debug|Any CPU
		{5F5A201F-93A1-4D2F-9C39-A4FC6A0AEDFE}.Debug|Any CPU.Build.0 = Debug|Any CPU
		{5F5A201F-93A1-4D2F-9C39-A4FC6A0AEDFE}.Debug|Any CPU.Deploy.0 = Debug|Any CPU
		{5F5A201F-93A1-4D2F-9C39-A4FC6A0AEDFE}.Debug|ARM.ActiveCfg = Debug|Any CPU
		{5F5A201F-93A1-4D2F-9C39-A4FC6A0AEDFE}.Debug|iPhone.ActiveCfg = Debug|Any CPU
		{5F5A201F-93A1-4D2F-9C39-A4FC6A0AEDFE}.Debug|iPhoneSimulator.ActiveCfg = Debug|Any CPU
		{5F5A201F-93A1-4D2F-9C39-A4FC6A0AEDFE}.Debug|Mixed Platforms.ActiveCfg = Debug|Any CPU
		{5F5A201F-93A1-4D2F-9C39-A4FC6A0AEDFE}.Debug|Mixed Platforms.Build.0 = Debug|Any CPU
		{5F5A201F-93A1-4D2F-9C39-A4FC6A0AEDFE}.Debug|Mixed Platforms.Deploy.0 = Debug|Any CPU
		{5F5A201F-93A1-4D2F-9C39-A4FC6A0AEDFE}.Debug|x86.ActiveCfg = Debug|Any CPU
		{5F5A201F-93A1-4D2F-9C39-A4FC6A0AEDFE}.Release|Any CPU.ActiveCfg = Release|Any CPU
		{5F5A201F-93A1-4D2F-9C39-A4FC6A0AEDFE}.Release|Any CPU.Build.0 = Release|Any CPU
		{5F5A201F-93A1-4D2F-9C39-A4FC6A0AEDFE}.Release|Any CPU.Deploy.0 = Release|Any CPU
		{5F5A201F-93A1-4D2F-9C39-A4FC6A0AEDFE}.Release|ARM.ActiveCfg = Release|Any CPU
		{5F5A201F-93A1-4D2F-9C39-A4FC6A0AEDFE}.Release|iPhone.ActiveCfg = Release|Any CPU
		{5F5A201F-93A1-4D2F-9C39-A4FC6A0AEDFE}.Release|iPhoneSimulator.ActiveCfg = Release|Any CPU
		{5F5A201F-93A1-4D2F-9C39-A4FC6A0AEDFE}.Release|Mixed Platforms.ActiveCfg = Release|Any CPU
		{5F5A201F-93A1-4D2F-9C39-A4FC6A0AEDFE}.Release|Mixed Platforms.Build.0 = Release|Any CPU
		{5F5A201F-93A1-4D2F-9C39-A4FC6A0AEDFE}.Release|Mixed Platforms.Deploy.0 = Release|Any CPU
		{5F5A201F-93A1-4D2F-9C39-A4FC6A0AEDFE}.Release|x86.ActiveCfg = Release|Any CPU
		{A3F98B63-3698-4886-B65D-C564030B33F9}.Ad-Hoc|Any CPU.ActiveCfg = Release|Any CPU
		{A3F98B63-3698-4886-B65D-C564030B33F9}.Ad-Hoc|Any CPU.Build.0 = Release|Any CPU
		{A3F98B63-3698-4886-B65D-C564030B33F9}.Ad-Hoc|Any CPU.Deploy.0 = Release|Any CPU
		{A3F98B63-3698-4886-B65D-C564030B33F9}.Ad-Hoc|ARM.ActiveCfg = Release|ARM
		{A3F98B63-3698-4886-B65D-C564030B33F9}.Ad-Hoc|ARM.Build.0 = Release|ARM
		{A3F98B63-3698-4886-B65D-C564030B33F9}.Ad-Hoc|ARM.Deploy.0 = Release|ARM
		{A3F98B63-3698-4886-B65D-C564030B33F9}.Ad-Hoc|iPhone.ActiveCfg = Release|Any CPU
		{A3F98B63-3698-4886-B65D-C564030B33F9}.Ad-Hoc|iPhoneSimulator.ActiveCfg = Release|Any CPU
		{A3F98B63-3698-4886-B65D-C564030B33F9}.Ad-Hoc|Mixed Platforms.ActiveCfg = Release|x86
		{A3F98B63-3698-4886-B65D-C564030B33F9}.Ad-Hoc|Mixed Platforms.Build.0 = Release|x86
		{A3F98B63-3698-4886-B65D-C564030B33F9}.Ad-Hoc|Mixed Platforms.Deploy.0 = Release|x86
		{A3F98B63-3698-4886-B65D-C564030B33F9}.Ad-Hoc|x86.ActiveCfg = Release|x86
		{A3F98B63-3698-4886-B65D-C564030B33F9}.Ad-Hoc|x86.Build.0 = Release|x86
		{A3F98B63-3698-4886-B65D-C564030B33F9}.Ad-Hoc|x86.Deploy.0 = Release|x86
		{A3F98B63-3698-4886-B65D-C564030B33F9}.AppStore|Any CPU.ActiveCfg = Release|Any CPU
		{A3F98B63-3698-4886-B65D-C564030B33F9}.AppStore|Any CPU.Build.0 = Release|Any CPU
		{A3F98B63-3698-4886-B65D-C564030B33F9}.AppStore|Any CPU.Deploy.0 = Release|Any CPU
		{A3F98B63-3698-4886-B65D-C564030B33F9}.AppStore|ARM.ActiveCfg = Release|ARM
		{A3F98B63-3698-4886-B65D-C564030B33F9}.AppStore|ARM.Build.0 = Release|ARM
		{A3F98B63-3698-4886-B65D-C564030B33F9}.AppStore|ARM.Deploy.0 = Release|ARM
		{A3F98B63-3698-4886-B65D-C564030B33F9}.AppStore|iPhone.ActiveCfg = Release|Any CPU
		{A3F98B63-3698-4886-B65D-C564030B33F9}.AppStore|iPhoneSimulator.ActiveCfg = Release|Any CPU
		{A3F98B63-3698-4886-B65D-C564030B33F9}.AppStore|Mixed Platforms.ActiveCfg = Release|x86
		{A3F98B63-3698-4886-B65D-C564030B33F9}.AppStore|Mixed Platforms.Build.0 = Release|x86
		{A3F98B63-3698-4886-B65D-C564030B33F9}.AppStore|Mixed Platforms.Deploy.0 = Release|x86
		{A3F98B63-3698-4886-B65D-C564030B33F9}.AppStore|x86.ActiveCfg = Release|x86
		{A3F98B63-3698-4886-B65D-C564030B33F9}.AppStore|x86.Build.0 = Release|x86
		{A3F98B63-3698-4886-B65D-C564030B33F9}.AppStore|x86.Deploy.0 = Release|x86
		{A3F98B63-3698-4886-B65D-C564030B33F9}.Debug|Any CPU.ActiveCfg = Debug|Any CPU
		{A3F98B63-3698-4886-B65D-C564030B33F9}.Debug|Any CPU.Build.0 = Debug|Any CPU
		{A3F98B63-3698-4886-B65D-C564030B33F9}.Debug|Any CPU.Deploy.0 = Debug|Any CPU
		{A3F98B63-3698-4886-B65D-C564030B33F9}.Debug|ARM.ActiveCfg = Debug|ARM
		{A3F98B63-3698-4886-B65D-C564030B33F9}.Debug|ARM.Build.0 = Debug|ARM
		{A3F98B63-3698-4886-B65D-C564030B33F9}.Debug|ARM.Deploy.0 = Debug|ARM
		{A3F98B63-3698-4886-B65D-C564030B33F9}.Debug|iPhone.ActiveCfg = Debug|Any CPU
		{A3F98B63-3698-4886-B65D-C564030B33F9}.Debug|iPhoneSimulator.ActiveCfg = Debug|Any CPU
		{A3F98B63-3698-4886-B65D-C564030B33F9}.Debug|Mixed Platforms.ActiveCfg = Debug|x86
		{A3F98B63-3698-4886-B65D-C564030B33F9}.Debug|Mixed Platforms.Build.0 = Debug|x86
		{A3F98B63-3698-4886-B65D-C564030B33F9}.Debug|Mixed Platforms.Deploy.0 = Debug|x86
		{A3F98B63-3698-4886-B65D-C564030B33F9}.Debug|x86.ActiveCfg = Debug|x86
		{A3F98B63-3698-4886-B65D-C564030B33F9}.Debug|x86.Build.0 = Debug|x86
		{A3F98B63-3698-4886-B65D-C564030B33F9}.Debug|x86.Deploy.0 = Debug|x86
		{A3F98B63-3698-4886-B65D-C564030B33F9}.Release|Any CPU.ActiveCfg = Release|Any CPU
		{A3F98B63-3698-4886-B65D-C564030B33F9}.Release|Any CPU.Build.0 = Release|Any CPU
		{A3F98B63-3698-4886-B65D-C564030B33F9}.Release|Any CPU.Deploy.0 = Release|Any CPU
		{A3F98B63-3698-4886-B65D-C564030B33F9}.Release|ARM.ActiveCfg = Release|ARM
		{A3F98B63-3698-4886-B65D-C564030B33F9}.Release|ARM.Build.0 = Release|ARM
		{A3F98B63-3698-4886-B65D-C564030B33F9}.Release|ARM.Deploy.0 = Release|ARM
		{A3F98B63-3698-4886-B65D-C564030B33F9}.Release|iPhone.ActiveCfg = Release|Any CPU
		{A3F98B63-3698-4886-B65D-C564030B33F9}.Release|iPhoneSimulator.ActiveCfg = Release|Any CPU
		{A3F98B63-3698-4886-B65D-C564030B33F9}.Release|Mixed Platforms.ActiveCfg = Release|x86
		{A3F98B63-3698-4886-B65D-C564030B33F9}.Release|Mixed Platforms.Build.0 = Release|x86
		{A3F98B63-3698-4886-B65D-C564030B33F9}.Release|Mixed Platforms.Deploy.0 = Release|x86
		{A3F98B63-3698-4886-B65D-C564030B33F9}.Release|x86.ActiveCfg = Release|x86
		{A3F98B63-3698-4886-B65D-C564030B33F9}.Release|x86.Build.0 = Release|x86
		{A3F98B63-3698-4886-B65D-C564030B33F9}.Release|x86.Deploy.0 = Release|x86
		{2353891D-A49A-452D-8E71-667F91F35990}.Ad-Hoc|Any CPU.ActiveCfg = Ad-Hoc|iPhone
		{2353891D-A49A-452D-8E71-667F91F35990}.Ad-Hoc|ARM.ActiveCfg = Ad-Hoc|iPhone
		{2353891D-A49A-452D-8E71-667F91F35990}.Ad-Hoc|iPhone.ActiveCfg = Ad-Hoc|iPhone
		{2353891D-A49A-452D-8E71-667F91F35990}.Ad-Hoc|iPhone.Build.0 = Ad-Hoc|iPhone
		{2353891D-A49A-452D-8E71-667F91F35990}.Ad-Hoc|iPhone.Deploy.0 = Ad-Hoc|iPhone
		{2353891D-A49A-452D-8E71-667F91F35990}.Ad-Hoc|iPhoneSimulator.ActiveCfg = Ad-Hoc|iPhoneSimulator
		{2353891D-A49A-452D-8E71-667F91F35990}.Ad-Hoc|iPhoneSimulator.Build.0 = Ad-Hoc|iPhoneSimulator
		{2353891D-A49A-452D-8E71-667F91F35990}.Ad-Hoc|iPhoneSimulator.Deploy.0 = Ad-Hoc|iPhoneSimulator
		{2353891D-A49A-452D-8E71-667F91F35990}.Ad-Hoc|Mixed Platforms.ActiveCfg = Ad-Hoc|iPhone
		{2353891D-A49A-452D-8E71-667F91F35990}.Ad-Hoc|Mixed Platforms.Build.0 = Ad-Hoc|iPhone
		{2353891D-A49A-452D-8E71-667F91F35990}.Ad-Hoc|Mixed Platforms.Deploy.0 = Ad-Hoc|iPhone
		{2353891D-A49A-452D-8E71-667F91F35990}.Ad-Hoc|x86.ActiveCfg = Ad-Hoc|iPhone
		{2353891D-A49A-452D-8E71-667F91F35990}.AppStore|Any CPU.ActiveCfg = AppStore|iPhone
		{2353891D-A49A-452D-8E71-667F91F35990}.AppStore|ARM.ActiveCfg = AppStore|iPhone
		{2353891D-A49A-452D-8E71-667F91F35990}.AppStore|iPhone.ActiveCfg = AppStore|iPhone
		{2353891D-A49A-452D-8E71-667F91F35990}.AppStore|iPhone.Build.0 = AppStore|iPhone
		{2353891D-A49A-452D-8E71-667F91F35990}.AppStore|iPhone.Deploy.0 = AppStore|iPhone
		{2353891D-A49A-452D-8E71-667F91F35990}.AppStore|iPhoneSimulator.ActiveCfg = AppStore|iPhoneSimulator
		{2353891D-A49A-452D-8E71-667F91F35990}.AppStore|iPhoneSimulator.Build.0 = AppStore|iPhoneSimulator
		{2353891D-A49A-452D-8E71-667F91F35990}.AppStore|iPhoneSimulator.Deploy.0 = AppStore|iPhoneSimulator
		{2353891D-A49A-452D-8E71-667F91F35990}.AppStore|Mixed Platforms.ActiveCfg = AppStore|iPhone
		{2353891D-A49A-452D-8E71-667F91F35990}.AppStore|Mixed Platforms.Build.0 = AppStore|iPhone
		{2353891D-A49A-452D-8E71-667F91F35990}.AppStore|Mixed Platforms.Deploy.0 = AppStore|iPhone
		{2353891D-A49A-452D-8E71-667F91F35990}.AppStore|x86.ActiveCfg = AppStore|iPhone
		{2353891D-A49A-452D-8E71-667F91F35990}.Debug|Any CPU.ActiveCfg = Debug|iPhone
		{2353891D-A49A-452D-8E71-667F91F35990}.Debug|ARM.ActiveCfg = Debug|iPhone
		{2353891D-A49A-452D-8E71-667F91F35990}.Debug|iPhone.ActiveCfg = Debug|iPhone
		{2353891D-A49A-452D-8E71-667F91F35990}.Debug|iPhone.Build.0 = Debug|iPhone
		{2353891D-A49A-452D-8E71-667F91F35990}.Debug|iPhone.Deploy.0 = Debug|iPhone
		{2353891D-A49A-452D-8E71-667F91F35990}.Debug|iPhoneSimulator.ActiveCfg = Debug|iPhoneSimulator
		{2353891D-A49A-452D-8E71-667F91F35990}.Debug|iPhoneSimulator.Build.0 = Debug|iPhoneSimulator
		{2353891D-A49A-452D-8E71-667F91F35990}.Debug|iPhoneSimulator.Deploy.0 = Debug|iPhoneSimulator
		{2353891D-A49A-452D-8E71-667F91F35990}.Debug|Mixed Platforms.ActiveCfg = Debug|iPhone
		{2353891D-A49A-452D-8E71-667F91F35990}.Debug|Mixed Platforms.Build.0 = Debug|iPhone
		{2353891D-A49A-452D-8E71-667F91F35990}.Debug|Mixed Platforms.Deploy.0 = Debug|iPhone
		{2353891D-A49A-452D-8E71-667F91F35990}.Debug|x86.ActiveCfg = Debug|iPhone
		{2353891D-A49A-452D-8E71-667F91F35990}.Release|Any CPU.ActiveCfg = Release|iPhone
		{2353891D-A49A-452D-8E71-667F91F35990}.Release|ARM.ActiveCfg = Release|iPhone
		{2353891D-A49A-452D-8E71-667F91F35990}.Release|iPhone.ActiveCfg = Release|iPhone
		{2353891D-A49A-452D-8E71-667F91F35990}.Release|iPhone.Build.0 = Release|iPhone
		{2353891D-A49A-452D-8E71-667F91F35990}.Release|iPhone.Deploy.0 = Release|iPhone
		{2353891D-A49A-452D-8E71-667F91F35990}.Release|iPhoneSimulator.ActiveCfg = Release|iPhoneSimulator
		{2353891D-A49A-452D-8E71-667F91F35990}.Release|iPhoneSimulator.Build.0 = Release|iPhoneSimulator
		{2353891D-A49A-452D-8E71-667F91F35990}.Release|iPhoneSimulator.Deploy.0 = Release|iPhoneSimulator
		{2353891D-A49A-452D-8E71-667F91F35990}.Release|Mixed Platforms.ActiveCfg = Release|iPhone
		{2353891D-A49A-452D-8E71-667F91F35990}.Release|Mixed Platforms.Build.0 = Release|iPhone
		{2353891D-A49A-452D-8E71-667F91F35990}.Release|Mixed Platforms.Deploy.0 = Release|iPhone
		{2353891D-A49A-452D-8E71-667F91F35990}.Release|x86.ActiveCfg = Release|iPhone
		{8605431E-3313-4E42-AD64-DE95262E74B6}.Ad-Hoc|Any CPU.ActiveCfg = Release|Any CPU
		{8605431E-3313-4E42-AD64-DE95262E74B6}.Ad-Hoc|Any CPU.Build.0 = Release|Any CPU
		{8605431E-3313-4E42-AD64-DE95262E74B6}.Ad-Hoc|ARM.ActiveCfg = Release|Any CPU
		{8605431E-3313-4E42-AD64-DE95262E74B6}.Ad-Hoc|iPhone.ActiveCfg = Release|Any CPU
		{8605431E-3313-4E42-AD64-DE95262E74B6}.Ad-Hoc|iPhoneSimulator.ActiveCfg = Release|Any CPU
		{8605431E-3313-4E42-AD64-DE95262E74B6}.Ad-Hoc|Mixed Platforms.ActiveCfg = Release|Any CPU
		{8605431E-3313-4E42-AD64-DE95262E74B6}.Ad-Hoc|Mixed Platforms.Build.0 = Release|Any CPU
		{8605431E-3313-4E42-AD64-DE95262E74B6}.Ad-Hoc|x86.ActiveCfg = Release|Any CPU
		{8605431E-3313-4E42-AD64-DE95262E74B6}.AppStore|Any CPU.ActiveCfg = Release|Any CPU
		{8605431E-3313-4E42-AD64-DE95262E74B6}.AppStore|Any CPU.Build.0 = Release|Any CPU
		{8605431E-3313-4E42-AD64-DE95262E74B6}.AppStore|ARM.ActiveCfg = Release|Any CPU
		{8605431E-3313-4E42-AD64-DE95262E74B6}.AppStore|iPhone.ActiveCfg = Release|Any CPU
		{8605431E-3313-4E42-AD64-DE95262E74B6}.AppStore|iPhoneSimulator.ActiveCfg = Release|Any CPU
		{8605431E-3313-4E42-AD64-DE95262E74B6}.AppStore|Mixed Platforms.ActiveCfg = Release|Any CPU
		{8605431E-3313-4E42-AD64-DE95262E74B6}.AppStore|Mixed Platforms.Build.0 = Release|Any CPU
		{8605431E-3313-4E42-AD64-DE95262E74B6}.AppStore|x86.ActiveCfg = Release|Any CPU
		{8605431E-3313-4E42-AD64-DE95262E74B6}.Debug|Any CPU.ActiveCfg = Debug|Any CPU
		{8605431E-3313-4E42-AD64-DE95262E74B6}.Debug|Any CPU.Build.0 = Debug|Any CPU
		{8605431E-3313-4E42-AD64-DE95262E74B6}.Debug|ARM.ActiveCfg = Debug|Any CPU
		{8605431E-3313-4E42-AD64-DE95262E74B6}.Debug|iPhone.ActiveCfg = Debug|Any CPU
		{8605431E-3313-4E42-AD64-DE95262E74B6}.Debug|iPhoneSimulator.ActiveCfg = Debug|Any CPU
		{8605431E-3313-4E42-AD64-DE95262E74B6}.Debug|Mixed Platforms.ActiveCfg = Debug|Any CPU
		{8605431E-3313-4E42-AD64-DE95262E74B6}.Debug|Mixed Platforms.Build.0 = Debug|Any CPU
		{8605431E-3313-4E42-AD64-DE95262E74B6}.Debug|x86.ActiveCfg = Debug|Any CPU
		{8605431E-3313-4E42-AD64-DE95262E74B6}.Release|Any CPU.ActiveCfg = Release|Any CPU
		{8605431E-3313-4E42-AD64-DE95262E74B6}.Release|Any CPU.Build.0 = Release|Any CPU
		{8605431E-3313-4E42-AD64-DE95262E74B6}.Release|ARM.ActiveCfg = Release|Any CPU
		{8605431E-3313-4E42-AD64-DE95262E74B6}.Release|iPhone.ActiveCfg = Release|Any CPU
		{8605431E-3313-4E42-AD64-DE95262E74B6}.Release|iPhoneSimulator.ActiveCfg = Release|Any CPU
		{8605431E-3313-4E42-AD64-DE95262E74B6}.Release|Mixed Platforms.ActiveCfg = Release|Any CPU
		{8605431E-3313-4E42-AD64-DE95262E74B6}.Release|Mixed Platforms.Build.0 = Release|Any CPU
		{8605431E-3313-4E42-AD64-DE95262E74B6}.Release|x86.ActiveCfg = Release|Any CPU
	EndGlobalSection
	GlobalSection(SolutionProperties) = preSolution
		HideSolutionNode = FALSE
	EndGlobalSection
EndGlobal
